{
  "name": "van-i18n",
  "version": "0.0.0",
  "lockfileVersion": 3,
  "requires": true,
  "packages": {
    "": {
      "name": "van-i18n",
      "version": "0.0.0",
      "license": "MIT",
      "dependencies": {
        "vanjs-core": "^1.6.0"
      }
    },
    "node_modules/vanjs-core": {
      "version": "1.6.0",
      "resolved": "https://registry.npmjs.org/vanjs-core/-/vanjs-core-1.6.0.tgz",
      "integrity": "sha512-4KM9mKEji7woioytMNKQ2XrqD31ykG9vde3N1F/gyJJ0oaOSohdeaN2o4UC4Ndu3Raj1SEXWvW7k4etZI8Ovjw==",
      "license": "MIT"
    }
  }
}
